PODS:
  - BSON (6.0.6):
    - SwiftNIO (~> 1.9)
  - Charts (3.3.0):
    - Charts/Core (= 3.3.0)
  - Charts/Core (3.3.0)
  - CNIOAtomics (1.13.0)
  - CNIODarwin (1.13.0)
  - CNIOLinux (1.13.0)
  - CNIOSHA1 (1.13.0)
  - Cosmos (19.0.3)
  - Firebase/Analytics (6.9.0):
    - Firebase/Core
  - Firebase/Core (6.9.0):
    - Firebase/CoreOnly
    - FirebaseAnalytics (= 6.1.2)
  - Firebase/CoreOnly (6.9.0):
    - FirebaseCore (= 6.3.0)
  - Firebase/Messaging (6.9.0):
    - Firebase/CoreOnly
    - FirebaseMessaging (~> 4.1.4)
  - FirebaseAnalytics (6.1.2):
    - FirebaseCore (~> 6.3)
    - FirebaseInstanceID (~> 4.2)
    - GoogleAppMeasurement (= 6.1.2)
    - GoogleUtilities/AppDelegateSwizzler (~> 6.0)
    - GoogleUtilities/MethodSwizzler (~> 6.0)
    - GoogleUtilities/Network (~> 6.0)
    - "GoogleUtilities/NSData+zlib (~> 6.0)"
    - nanopb (~> 0.3)
  - FirebaseAnalyticsInterop (1.4.0)
  - FirebaseCore (6.3.0):
    - FirebaseCoreDiagnostics (~> 1.0)
    - FirebaseCoreDiagnosticsInterop (~> 1.0)
    - GoogleUtilities/Environment (~> 6.2)
    - GoogleUtilities/Logger (~> 6.2)
  - FirebaseCoreDiagnostics (1.1.0):
    - FirebaseCoreDiagnosticsInterop (~> 1.0)
    - GoogleDataTransportCCTSupport (~> 1.0)
    - GoogleUtilities/Environment (~> 6.2)
    - GoogleUtilities/Logger (~> 6.2)
  - FirebaseCoreDiagnosticsInterop (1.0.0)
  - FirebaseInstanceID (4.2.5):
    - FirebaseCore (~> 6.0)
    - GoogleUtilities/Environment (~> 6.0)
    - GoogleUtilities/UserDefaults (~> 6.0)
  - FirebaseMessaging (4.1.5):
    - FirebaseAnalyticsInterop (~> 1.3)
    - FirebaseCore (~> 6.2)
    - FirebaseInstanceID (~> 4.1)
    - GoogleUtilities/AppDelegateSwizzler (~> 6.2)
    - GoogleUtilities/Environment (~> 6.2)
    - GoogleUtilities/Reachability (~> 6.2)
    - GoogleUtilities/UserDefaults (~> 6.2)
    - Protobuf (~> 3.1)
  - GoogleAppMeasurement (6.1.2):
    - GoogleUtilities/AppDelegateSwizzler (~> 6.0)
    - GoogleUtilities/MethodSwizzler (~> 6.0)
    - GoogleUtilities/Network (~> 6.0)
    - "GoogleUtilities/NSData+zlib (~> 6.0)"
    - nanopb (~> 0.3)
  - GoogleDataTransport (2.0.0)
  - GoogleDataTransportCCTSupport (1.1.0):
    - GoogleDataTransport (~> 2.0)
    - nanopb
  - GoogleUtilities/AppDelegateSwizzler (6.3.0):
    - GoogleUtilities/Environment
    - GoogleUtilities/Logger
    - GoogleUtilities/Network
  - GoogleUtilities/Environment (6.3.0)
  - GoogleUtilities/Logger (6.3.0):
    - GoogleUtilities/Environment
  - GoogleUtilities/MethodSwizzler (6.3.0):
    - GoogleUtilities/Logger
  - GoogleUtilities/Network (6.3.0):
    - GoogleUtilities/Logger
    - "GoogleUtilities/NSData+zlib"
    - GoogleUtilities/Reachability
  - "GoogleUtilities/NSData+zlib (6.3.0)"
  - GoogleUtilities/Reachability (6.3.0):
    - GoogleUtilities/Logger
  - GoogleUtilities/UserDefaults (6.3.0):
    - GoogleUtilities/Logger
  - mongo_embedded (4.0.4)
  - MongoKitten (5.1.11):
    - BSON (~> 6.0.2)
    - MongoKitten/Core (= 5.1.11)
    - MongoKitten/GridFS (= 5.1.11)
    - MongoKitten/Mobile (= 5.1.11)
  - MongoKitten/_MongoKittenCrypto (5.1.11):
    - BSON (~> 6.0.2)
  - MongoKitten/Core (5.1.11):
    - BSON (~> 6.0.2)
    - MongoKitten/_MongoKittenCrypto
    - SwiftNIOTLS (~> 1.4)
  - MongoKitten/GridFS (5.1.11):
    - BSON (~> 6.0.2)
    - MongoKitten/Core
  - MongoKitten/Mobile (5.1.11):
    - BSON (~> 6.0.2)
    - mongo_embedded (~> 4.0)
    - MongoKitten/Core
  - nanopb (0.3.901):
    - nanopb/decode (= 0.3.901)
    - nanopb/encode (= 0.3.901)
  - nanopb/decode (0.3.901)
  - nanopb/encode (0.3.901)
  - Protobuf (3.9.2)
  - SideMenu (6.4.3)
  - SwiftNIO (1.13.0):
    - CNIOAtomics (= 1.13.0)
    - CNIODarwin (= 1.13.0)
    - CNIOLinux (= 1.13.0)
    - CNIOSHA1 (= 1.13.0)
    - SwiftNIOConcurrencyHelpers (= 1.13.0)
  - SwiftNIOConcurrencyHelpers (1.13.0):
    - CNIOAtomics (= 1.13.0)

DEPENDENCIES:
  - Charts (~> 3.3.0)
  - Cosmos (~> 19.0)
  - Firebase/Analytics
  - Firebase/Messaging
  - MongoKitten (~> 5.1.11)
  - SideMenu

SPEC REPOS:
  https://github.com/cocoapods/specs.git:
    - BSON
    - Charts
    - CNIOAtomics
    - CNIODarwin
    - CNIOLinux
    - CNIOSHA1
    - Cosmos
    - Firebase
    - FirebaseAnalytics
    - FirebaseAnalyticsInterop
    - FirebaseCore
    - FirebaseCoreDiagnostics
    - FirebaseCoreDiagnosticsInterop
    - FirebaseInstanceID
    - FirebaseMessaging
    - GoogleAppMeasurement
    - GoogleDataTransport
    - GoogleDataTransportCCTSupport
    - GoogleUtilities
    - mongo_embedded
    - MongoKitten
    - nanopb
    - Protobuf
    - SideMenu
    - SwiftNIO
    - SwiftNIOConcurrencyHelpers

SPEC CHECKSUMS:
  BSON: 909d72ae0d51316dc1be3c8c118e191f54a036ec
  Charts: e0dd4cd8f257bccf98407b58183ddca8e8d5b578
  CNIOAtomics: ebb029bc0545a8a985d379be8d99917ee5968c44
  CNIODarwin: fe828e0fe7970f932ed7e1ffc5e76a9b24e1a8ea
  CNIOLinux: 382fad86b59fa7470498621861cc9f670bfaf150
  CNIOSHA1: 4c615a274717bdb27ba616405ff70c0e5d6f5e91
  Cosmos: a6fb17284281fa12cf4c85c2efecd440a215ec44
  Firebase: 2d750c54cda57d5a6ae31212cfe5cc813c6be7e4
  FirebaseAnalytics: 5d9ccbf46ed25d3ec9304d263f85bddf1e93e2d2
  FirebaseAnalyticsInterop: d48b6ab67bcf016a05e55b71fc39c61c0cb6b7f3
  FirebaseCore: 8b2765c445d40db7137989b7146a3aa3f91b5529
  FirebaseCoreDiagnostics: be4f7a09d02ab305f18de59a470412caddb64c2a
  FirebaseCoreDiagnosticsInterop: 6829da2b8d1fc795ff1bd99df751d3788035d2cb
  FirebaseInstanceID: 550df9be1f99f751d8fcde3ac342a1e21a0e6c42
  FirebaseMessaging: b22b949cc45c14da01e60404dd7bffc78956380c
  GoogleAppMeasurement: 0ae90be1cc4dad40f4a27fc767ef59fa032ec87b
  GoogleDataTransport: c8617c00e4f3eb9418e42ac0e8ac5241a9d555dd
  GoogleDataTransportCCTSupport: 9f352523e8785a71f6754f51eeff09f49ec19268
  GoogleUtilities: 9c2c544202301110b29f7974a82e77fdcf12bf51
  mongo_embedded: e413134eb6b60544e7278add03007f8fe384a00c
  MongoKitten: 45564a5fdee0e0773eef809cc94d3ca073bebe71
  nanopb: 2901f78ea1b7b4015c860c2fdd1ea2fee1a18d48
  Protobuf: 67fb42ba613def994e61854de2b3164f13790cc4
  SideMenu: 6540fa7a055b3728c006cec7d97e3a38cdac4874
  SwiftNIO: df48d7b349f05a294019a11c49783411f29f9836
  SwiftNIOConcurrencyHelpers: 7411dd902d37cb82ec5a86e6348ae539f1156840

PODFILE CHECKSUM: 172698a1c8ac1a2cfd0d2f1f95c0073d990cff38

COCOAPODS: 1.7.5
